
Microsoft Visual Studio Solution File, Format Version 12.00
# Visual Studio Version 17
VisualStudioVersion = 17.5.33516.290
MinimumVisualStudioVersion = 10.0.40219.1
Project("{9A19103F-16F7-4668-BE54-9A1E7A4F7556}") = "FakeXrmEasyUpdatePluginCrash", "FakeXrmEasyUpdatePluginCrash\FakeXrmEasyUpdatePluginCrash.csproj", "{8CEFF950-60B0-4729-A3C8-53B99F187D10}"
EndProject
Project("{FAE04EC0-301F-11D3-BF4B-00C04F79EFBC}") = "Tests", "Tests\Tests.csproj", "{84FF3AF7-E9A6-4317-ADB7-159AF0B90543}"
EndProject
Global
	GlobalSection(SolutionConfigurationPlatforms) = preSolution
		Debug|Any CPU = Debug|Any CPU
		Release|Any CPU = Release|Any CPU
	EndGlobalSection
	GlobalSection(ProjectConfigurationPlatforms) = postSolution
		{8CEFF950-60B0-4729-A3C8-53B99F187D10}.Debug|Any CPU.ActiveCfg = Debug|Any CPU
		{8CEFF950-60B0-4729-A3C8-53B99F187D10}.Debug|Any CPU.Build.0 = Debug|Any CPU
		{8CEFF950-60B0-4729-A3C8-53B99F187D10}.Release|Any CPU.ActiveCfg = Release|Any CPU
		{8CEFF950-60B0-4729-A3C8-53B99F187D10}.Release|Any CPU.Build.0 = Release|Any CPU
		{84FF3AF7-E9A6-4317-ADB7-159AF0B90543}.Debug|Any CPU.ActiveCfg = Debug|Any CPU
		{84FF3AF7-E9A6-4317-ADB7-159AF0B90543}.Debug|Any CPU.Build.0 = Debug|Any CPU
		{84FF3AF7-E9A6-4317-ADB7-159AF0B90543}.Release|Any CPU.ActiveCfg = Release|Any CPU
		{84FF3AF7-E9A6-4317-ADB7-159AF0B90543}.Release|Any CPU.Build.0 = Release|Any CPU
	EndGlobalSection
	GlobalSection(SolutionProperties) = preSolution
		HideSolutionNode = FALSE
	EndGlobalSection
	GlobalSection(ExtensibilityGlobals) = postSolution
		SolutionGuid = {60021CAF-BFEE-4343-97D4-1780FFD5FAC8}
	EndGlobalSection
EndGlobal
